<Solution>
  <Project Path="punto 1/punto 1.csproj" Id="0c702499-278c-444b-a6c9-50a253f00669" />
  <Project Path="punto2/punto2.csproj" Id="6f3ddf15-566c-4342-8bb5-56cd65f731aa" />
  <Project Path="punto3/punto3.csproj" Id="140f6879-f5a5-473a-9e50-f560782016eb" />
  <Project Path="punto4/punto4.csproj" Id="460642be-8ef3-4395-8c2f-e285cdb16bde" />
</Solution>
