<Solution>
  <Project Path="Punto 2/Punto 2.csproj" Id="f7880166-54ed-4403-851d-8fff33bbff96" />
  <Project Path="Punto 3/Punto 3.csproj" Id="76e2d920-04ac-4854-93a1-fa5ccb5452bc" />
  <Project Path="punto 4/punto 4.csproj" Id="826e4915-c503-46ae-b259-3859dce36369" />
  <Project Path="Samuel-Serrezuela-Act6/Samuel-Serrezuela-Act6.csproj" Id="21331185-4c1c-433c-b21a-55f9224c8bbf" />
</Solution>
