<Solution>
  <Project Path="punto1/punto1.csproj" Id="04be89b2-5097-4309-9136-ef38be98eb19" />
  <Project Path="punto2/punto2.csproj" Id="802654a9-4c85-4a27-ba0b-f9adb934852f" />
  <Project Path="punto3/punto3.csproj" Id="8566d98b-5740-45eb-8f7b-d0b68bee4854" />
  <Project Path="punto4/punto4.csproj" Id="8185684f-a340-4f25-9b6f-fe14a9576ae2" />
</Solution>
