<Solution>
  <Project Path="Punto 1/Punto 1.csproj" Id="db0c8594-3304-48f1-a3a3-e54e1e0d9f45" />
  <Project Path="Punto 2/Punto 2.csproj" Id="c4b28459-cd37-41eb-abd4-81714ff12761" />
  <Project Path="Punto 3/Punto 3.csproj" Id="e8dcba0e-9e70-4099-ae1b-88d121c9036a" />
  <Project Path="punto 4/punto 4.csproj" Id="7beabb82-dcd3-471c-8e22-119ccdcb4aa6" />
</Solution>
