<Solution>
  <Project Path="Punto 2/Punto 2.csproj" Id="34773fdf-4886-40c0-8533-9fbaf3ba0784" />
  <Project Path="Punto 3/Punto 3.csproj" Id="ac11ad2c-9aca-4b53-b745-2a5164431b13" />
  <Project Path="Punto 4/Punto 4.csproj" Id="c3e2f3c3-08d1-4e88-833f-b4a01477f80f" />
  <Project Path="Punto1/Punto1.csproj" Id="142d4403-3e29-498d-b56e-92511ace5917" />
</Solution>
