<Solution>
  <Project Path="punto2/punto2.csproj" Id="d77ece58-9e57-427e-a058-549a1769d825" />
  <Project Path="punto3/punto3.csproj" Id="0b6f29f6-4c76-483b-a3c2-7a21be08f8c6" />
  <Project Path="SamuelSerrezuela-Act10/SamuelSerrezuela-Act10.csproj" Id="32672804-55fb-456a-b767-297a4f92040b" />
</Solution>
